
Microsoft Visual Studio Solution File, Format Version 12.00
# Visual Studio 2017
Project("{FAE04EC0-301F-11D3-BF4B-00C04F79EFBC}") = "cold-ones-0.1", "cold-ones-0.1.csproj", "{CCDF8BC3-E73E-6E8B-2C92-6DB418C5AD2E}"
EndProject
Project("{FAE04EC0-301F-11D3-BF4B-00C04F79EFBC}") = "cold-ones-0.1.Editor", "cold-ones-0.1.Editor.csproj", "{43989541-0C10-F6E5-7E8E-24BAD56C0A92}"
EndProject
Global
	GlobalSection(SolutionConfigurationPlatforms) = preSolution
		Debug|Any CPU = Debug|Any CPU
		Release|Any CPU = Release|Any CPU
	EndGlobalSection
	GlobalSection(ProjectConfigurationPlatforms) = postSolution
		{CCDF8BC3-E73E-6E8B-2C92-6DB418C5AD2E}.Debug|Any CPU.ActiveCfg = Debug|Any CPU
		{CCDF8BC3-E73E-6E8B-2C92-6DB418C5AD2E}.Debug|Any CPU.Build.0 = Debug|Any CPU
		{CCDF8BC3-E73E-6E8B-2C92-6DB418C5AD2E}.Release|Any CPU.ActiveCfg = Release|Any CPU
		{CCDF8BC3-E73E-6E8B-2C92-6DB418C5AD2E}.Release|Any CPU.Build.0 = Release|Any CPU
		{43989541-0C10-F6E5-7E8E-24BAD56C0A92}.Debug|Any CPU.ActiveCfg = Debug|Any CPU
		{43989541-0C10-F6E5-7E8E-24BAD56C0A92}.Debug|Any CPU.Build.0 = Debug|Any CPU
		{43989541-0C10-F6E5-7E8E-24BAD56C0A92}.Release|Any CPU.ActiveCfg = Release|Any CPU
		{43989541-0C10-F6E5-7E8E-24BAD56C0A92}.Release|Any CPU.Build.0 = Release|Any CPU
	EndGlobalSection
	GlobalSection(SolutionProperties) = preSolution
		HideSolutionNode = FALSE
	EndGlobalSection
EndGlobal
